
Microsoft Visual Studio Solution File, Format Version 12.00
# Visual Studio Version 16
VisualStudioVersion = 16.0.31729.503
MinimumVisualStudioVersion = 10.0.40219.1
Project("{888888A0-9F3D-457C-B088-3A5042F75D52}") = "FrisbeeFullProject", "FrisbeeFullProject.pyproj", "{9106C22D-693B-41B8-9FD2-03BEFDF31047}"
EndProject
Global
	GlobalSection(SolutionConfigurationPlatforms) = preSolution
		Debug|Any CPU = Debug|Any CPU
		Release|Any CPU = Release|Any CPU
	EndGlobalSection
	GlobalSection(ProjectConfigurationPlatforms) = postSolution
		{9106C22D-693B-41B8-9FD2-03BEFDF31047}.Debug|Any CPU.ActiveCfg = Debug|Any CPU
		{9106C22D-693B-41B8-9FD2-03BEFDF31047}.Debug|Any CPU.Build.0 = Debug|Any CPU
		{9106C22D-693B-41B8-9FD2-03BEFDF31047}.Release|Any CPU.ActiveCfg = Release|Any CPU
		{9106C22D-693B-41B8-9FD2-03BEFDF31047}.Release|Any CPU.Build.0 = Release|Any CPU
	EndGlobalSection
	GlobalSection(SolutionProperties) = preSolution
		HideSolutionNode = FALSE
	EndGlobalSection
	GlobalSection(ExtensibilityGlobals) = postSolution
		SolutionGuid = {D1DBA7A0-BF21-4145-BAED-97104BA94AED}
	EndGlobalSection
EndGlobal
